
Microsoft Visual Studio Solution File, Format Version 12.00
# Visual Studio 14
VisualStudioVersion = 14.0.25420.1
MinimumVisualStudioVersion = 10.0.40219.1
Project("{8BC9CEB8-8B4A-11D0-8D11-00A0C91BC942}") = "Variables", "Variables\Variables.vcxproj", "{4E7E6D79-E3A3-46B7-BFF5-4C0CEE436323}"
EndProject
Project("{8BC9CEB8-8B4A-11D0-8D11-00A0C91BC942}") = "Project1", "Project1\Project1.vcxproj", "{E7918195-3918-4BF9-A9FC-04251EADB38A}"
EndProject
Project("{8BC9CEB8-8B4A-11D0-8D11-00A0C91BC942}") = "stuff", "stuff\stuff.vcxproj", "{8F8C254B-1D39-4578-A3D8-66BA54047E48}"
EndProject
Project("{8BC9CEB8-8B4A-11D0-8D11-00A0C91BC942}") = "Letters", "Letters\Letters.vcxproj", "{F0950F01-85C8-4492-A482-F67B42F53397}"
EndProject
Project("{8BC9CEB8-8B4A-11D0-8D11-00A0C91BC942}") = "conditionals", "conditionals\conditionals.vcxproj", "{11EE7515-F1BD-48FB-A505-B9DC5102A2A9}"
EndProject
Project("{8BC9CEB8-8B4A-11D0-8D11-00A0C91BC942}") = "Two numbers", "Two numbers\Two numbers.vcxproj", "{AD30475B-D3FC-4C5E-B822-5F367CB97EF3}"
EndProject
Project("{8BC9CEB8-8B4A-11D0-8D11-00A0C91BC942}") = "switch", "switch\switch.vcxproj", "{2B69D7C1-D1B5-48CA-9FBD-7A6EC85D5DAF}"
EndProject
Project("{8BC9CEB8-8B4A-11D0-8D11-00A0C91BC942}") = "ternary", "ternary\ternary.vcxproj", "{9104B59B-E84A-4707-8636-9AAC102495EF}"
EndProject
Project("{8BC9CEB8-8B4A-11D0-8D11-00A0C91BC942}") = "month", "month\month.vcxproj", "{35341E68-7BEB-48A7-9338-E02C222A0083}"
EndProject
Project("{8BC9CEB8-8B4A-11D0-8D11-00A0C91BC942}") = "Loop1", "Loop1\Loop1.vcxproj", "{331CE51B-0608-4338-BC73-3BA530841887}"
EndProject
Global
	GlobalSection(SolutionConfigurationPlatforms) = preSolution
		Debug|x64 = Debug|x64
		Debug|x86 = Debug|x86
		Release|x64 = Release|x64
		Release|x86 = Release|x86
	EndGlobalSection
	GlobalSection(ProjectConfigurationPlatforms) = postSolution
		{4E7E6D79-E3A3-46B7-BFF5-4C0CEE436323}.Debug|x64.ActiveCfg = Debug|x64
		{4E7E6D79-E3A3-46B7-BFF5-4C0CEE436323}.Debug|x64.Build.0 = Debug|x64
		{4E7E6D79-E3A3-46B7-BFF5-4C0CEE436323}.Debug|x86.ActiveCfg = Debug|Win32
		{4E7E6D79-E3A3-46B7-BFF5-4C0CEE436323}.Debug|x86.Build.0 = Debug|Win32
		{4E7E6D79-E3A3-46B7-BFF5-4C0CEE436323}.Release|x64.ActiveCfg = Release|x64
		{4E7E6D79-E3A3-46B7-BFF5-4C0CEE436323}.Release|x64.Build.0 = Release|x64
		{4E7E6D79-E3A3-46B7-BFF5-4C0CEE436323}.Release|x86.ActiveCfg = Release|Win32
		{4E7E6D79-E3A3-46B7-BFF5-4C0CEE436323}.Release|x86.Build.0 = Release|Win32
		{E7918195-3918-4BF9-A9FC-04251EADB38A}.Debug|x64.ActiveCfg = Debug|x64
		{E7918195-3918-4BF9-A9FC-04251EADB38A}.Debug|x64.Build.0 = Debug|x64
		{E7918195-3918-4BF9-A9FC-04251EADB38A}.Debug|x86.ActiveCfg = Debug|Win32
		{E7918195-3918-4BF9-A9FC-04251EADB38A}.Debug|x86.Build.0 = Debug|Win32
		{E7918195-3918-4BF9-A9FC-04251EADB38A}.Release|x64.ActiveCfg = Release|x64
		{E7918195-3918-4BF9-A9FC-04251EADB38A}.Release|x64.Build.0 = Release|x64
		{E7918195-3918-4BF9-A9FC-04251EADB38A}.Release|x86.ActiveCfg = Release|Win32
		{E7918195-3918-4BF9-A9FC-04251EADB38A}.Release|x86.Build.0 = Release|Win32
		{8F8C254B-1D39-4578-A3D8-66BA54047E48}.Debug|x64.ActiveCfg = Debug|x64
		{8F8C254B-1D39-4578-A3D8-66BA54047E48}.Debug|x64.Build.0 = Debug|x64
		{8F8C254B-1D39-4578-A3D8-66BA54047E48}.Debug|x86.ActiveCfg = Debug|Win32
		{8F8C254B-1D39-4578-A3D8-66BA54047E48}.Debug|x86.Build.0 = Debug|Win32
		{8F8C254B-1D39-4578-A3D8-66BA54047E48}.Release|x64.ActiveCfg = Release|x64
		{8F8C254B-1D39-4578-A3D8-66BA54047E48}.Release|x64.Build.0 = Release|x64
		{8F8C254B-1D39-4578-A3D8-66BA54047E48}.Release|x86.ActiveCfg = Release|Win32
		{8F8C254B-1D39-4578-A3D8-66BA54047E48}.Release|x86.Build.0 = Release|Win32
		{F0950F01-85C8-4492-A482-F67B42F53397}.Debug|x64.ActiveCfg = Debug|x64
		{F0950F01-85C8-4492-A482-F67B42F53397}.Debug|x64.Build.0 = Debug|x64
		{F0950F01-85C8-4492-A482-F67B42F53397}.Debug|x86.ActiveCfg = Debug|Win32
		{F0950F01-85C8-4492-A482-F67B42F53397}.Debug|x86.Build.0 = Debug|Win32
		{F0950F01-85C8-4492-A482-F67B42F53397}.Release|x64.ActiveCfg = Release|x64
		{F0950F01-85C8-4492-A482-F67B42F53397}.Release|x64.Build.0 = Release|x64
		{F0950F01-85C8-4492-A482-F67B42F53397}.Release|x86.ActiveCfg = Release|Win32
		{F0950F01-85C8-4492-A482-F67B42F53397}.Release|x86.Build.0 = Release|Win32
		{11EE7515-F1BD-48FB-A505-B9DC5102A2A9}.Debug|x64.ActiveCfg = Debug|x64
		{11EE7515-F1BD-48FB-A505-B9DC5102A2A9}.Debug|x64.Build.0 = Debug|x64
		{11EE7515-F1BD-48FB-A505-B9DC5102A2A9}.Debug|x86.ActiveCfg = Debug|Win32
		{11EE7515-F1BD-48FB-A505-B9DC5102A2A9}.Debug|x86.Build.0 = Debug|Win32
		{11EE7515-F1BD-48FB-A505-B9DC5102A2A9}.Release|x64.ActiveCfg = Release|x64
		{11EE7515-F1BD-48FB-A505-B9DC5102A2A9}.Release|x64.Build.0 = Release|x64
		{11EE7515-F1BD-48FB-A505-B9DC5102A2A9}.Release|x86.ActiveCfg = Release|Win32
		{11EE7515-F1BD-48FB-A505-B9DC5102A2A9}.Release|x86.Build.0 = Release|Win32
		{AD30475B-D3FC-4C5E-B822-5F367CB97EF3}.Debug|x64.ActiveCfg = Debug|x64
		{AD30475B-D3FC-4C5E-B822-5F367CB97EF3}.Debug|x64.Build.0 = Debug|x64
		{AD30475B-D3FC-4C5E-B822-5F367CB97EF3}.Debug|x86.ActiveCfg = Debug|Win32
		{AD30475B-D3FC-4C5E-B822-5F367CB97EF3}.Debug|x86.Build.0 = Debug|Win32
		{AD30475B-D3FC-4C5E-B822-5F367CB97EF3}.Release|x64.ActiveCfg = Release|x64
		{AD30475B-D3FC-4C5E-B822-5F367CB97EF3}.Release|x64.Build.0 = Release|x64
		{AD30475B-D3FC-4C5E-B822-5F367CB97EF3}.Release|x86.ActiveCfg = Release|Win32
		{AD30475B-D3FC-4C5E-B822-5F367CB97EF3}.Release|x86.Build.0 = Release|Win32
		{2B69D7C1-D1B5-48CA-9FBD-7A6EC85D5DAF}.Debug|x64.ActiveCfg = Debug|x64
		{2B69D7C1-D1B5-48CA-9FBD-7A6EC85D5DAF}.Debug|x64.Build.0 = Debug|x64
		{2B69D7C1-D1B5-48CA-9FBD-7A6EC85D5DAF}.Debug|x86.ActiveCfg = Debug|Win32
		{2B69D7C1-D1B5-48CA-9FBD-7A6EC85D5DAF}.Debug|x86.Build.0 = Debug|Win32
		{2B69D7C1-D1B5-48CA-9FBD-7A6EC85D5DAF}.Release|x64.ActiveCfg = Release|x64
		{2B69D7C1-D1B5-48CA-9FBD-7A6EC85D5DAF}.Release|x64.Build.0 = Release|x64
		{2B69D7C1-D1B5-48CA-9FBD-7A6EC85D5DAF}.Release|x86.ActiveCfg = Release|Win32
		{2B69D7C1-D1B5-48CA-9FBD-7A6EC85D5DAF}.Release|x86.Build.0 = Release|Win32
		{9104B59B-E84A-4707-8636-9AAC102495EF}.Debug|x64.ActiveCfg = Debug|x64
		{9104B59B-E84A-4707-8636-9AAC102495EF}.Debug|x64.Build.0 = Debug|x64
		{9104B59B-E84A-4707-8636-9AAC102495EF}.Debug|x86.ActiveCfg = Debug|Win32
		{9104B59B-E84A-4707-8636-9AAC102495EF}.Debug|x86.Build.0 = Debug|Win32
		{9104B59B-E84A-4707-8636-9AAC102495EF}.Release|x64.ActiveCfg = Release|x64
		{9104B59B-E84A-4707-8636-9AAC102495EF}.Release|x64.Build.0 = Release|x64
		{9104B59B-E84A-4707-8636-9AAC102495EF}.Release|x86.ActiveCfg = Release|Win32
		{9104B59B-E84A-4707-8636-9AAC102495EF}.Release|x86.Build.0 = Release|Win32
		{35341E68-7BEB-48A7-9338-E02C222A0083}.Debug|x64.ActiveCfg = Debug|x64
		{35341E68-7BEB-48A7-9338-E02C222A0083}.Debug|x64.Build.0 = Debug|x64
		{35341E68-7BEB-48A7-9338-E02C222A0083}.Debug|x86.ActiveCfg = Debug|Win32
		{35341E68-7BEB-48A7-9338-E02C222A0083}.Debug|x86.Build.0 = Debug|Win32
		{35341E68-7BEB-48A7-9338-E02C222A0083}.Release|x64.ActiveCfg = Release|x64
		{35341E68-7BEB-48A7-9338-E02C222A0083}.Release|x64.Build.0 = Release|x64
		{35341E68-7BEB-48A7-9338-E02C222A0083}.Release|x86.ActiveCfg = Release|Win32
		{35341E68-7BEB-48A7-9338-E02C222A0083}.Release|x86.Build.0 = Release|Win32
		{331CE51B-0608-4338-BC73-3BA530841887}.Debug|x64.ActiveCfg = Debug|x64
		{331CE51B-0608-4338-BC73-3BA530841887}.Debug|x64.Build.0 = Debug|x64
		{331CE51B-0608-4338-BC73-3BA530841887}.Debug|x86.ActiveCfg = Debug|Win32
		{331CE51B-0608-4338-BC73-3BA530841887}.Debug|x86.Build.0 = Debug|Win32
		{331CE51B-0608-4338-BC73-3BA530841887}.Release|x64.ActiveCfg = Release|x64
		{331CE51B-0608-4338-BC73-3BA530841887}.Release|x64.Build.0 = Release|x64
		{331CE51B-0608-4338-BC73-3BA530841887}.Release|x86.ActiveCfg = Release|Win32
		{331CE51B-0608-4338-BC73-3BA530841887}.Release|x86.Build.0 = Release|Win32
	EndGlobalSection
	GlobalSection(SolutionProperties) = preSolution
		HideSolutionNode = FALSE
	EndGlobalSection
EndGlobal
